// !$*UTF8*$!
{
	archiveVersion = 1;
	classes = {
	};
	objectVersion = 46;
	objects = {

/* Begin PBXBuildFile section */
		85C2F71A1A3CD76100329C14 /* main.m in Sources */ = {isa = PBXBuildFile; fileRef = 85C2F7191A3CD76100329C14 /* main.m */; };
		85C2F71D1A3CD76100329C14 /* AppDelegate.m in Sources */ = {isa = PBXBuildFile; fileRef = 85C2F71C1A3CD76100329C14 /* AppDelegate.m */; };
		85C2F7201A3CD76100329C14 /* SSLoginViewController.m in Sources */ = {isa = PBXBuildFile; fileRef = 85C2F71F1A3CD76100329C14 /* SSLoginViewController.m */; };
		85C2F7231A3CD76100329C14 /* Main.storyboard in Resources */ = {isa = PBXBuildFile; fileRef = 85C2F7211A3CD76100329C14 /* Main.storyboard */; };
		85C2F7251A3CD76100329C14 /* Images.xcassets in Resources */ = {isa = PBXBuildFile; fileRef = 85C2F7241A3CD76100329C14 /* Images.xcassets */; };
		85C2F7281A3CD76100329C14 /* LaunchScreen.xib in Resources */ = {isa = PBXBuildFile; fileRef = 85C2F7261A3CD76100329C14 /* LaunchScreen.xib */; };
		85C2F7341A3CD76100329C14 /* SmartSwitchiOSTests.m in Sources */ = {isa = PBXBuildFile; fileRef = 85C2F7331A3CD76100329C14 /* SmartSwitchiOSTests.m */; };
		85C2F73F1A3CD7E400329C14 /* DataHelper.m in Sources */ = {isa = PBXBuildFile; fileRef = 85C2F73E1A3CD7E400329C14 /* DataHelper.m */; };
		85C2F7531A3CF48300329C14 /* AFAmazonS3Client.m in Sources */ = {isa = PBXBuildFile; fileRef = 85C2F7431A3CF48300329C14 /* AFAmazonS3Client.m */; };
		85C2F7541A3CF48300329C14 /* AFHTTPClient.m in Sources */ = {isa = PBXBuildFile; fileRef = 85C2F7451A3CF48300329C14 /* AFHTTPClient.m */; };
		85C2F7551A3CF48300329C14 /* AFHTTPRequestOperation.m in Sources */ = {isa = PBXBuildFile; fileRef = 85C2F7471A3CF48300329C14 /* AFHTTPRequestOperation.m */; };
		85C2F7561A3CF48300329C14 /* AFImageRequestOperation.m in Sources */ = {isa = PBXBuildFile; fileRef = 85C2F7491A3CF48300329C14 /* AFImageRequestOperation.m */; };
		85C2F7571A3CF48300329C14 /* AFJSONRequestOperation.m in Sources */ = {isa = PBXBuildFile; fileRef = 85C2F74B1A3CF48300329C14 /* AFJSONRequestOperation.m */; };
		85C2F7581A3CF48300329C14 /* AFPropertyListRequestOperation.m in Sources */ = {isa = PBXBuildFile; fileRef = 85C2F74E1A3CF48300329C14 /* AFPropertyListRequestOperation.m */; };
		85C2F7591A3CF48300329C14 /* AFURLConnectionOperation.m in Sources */ = {isa = PBXBuildFile; fileRef = 85C2F7501A3CF48300329C14 /* AFURLConnectionOperation.m */; };
		85C2F75A1A3CF48300329C14 /* AFXMLRequestOperation.m in Sources */ = {isa = PBXBuildFile; fileRef = 85C2F7521A3CF48300329C14 /* AFXMLRequestOperation.m */; };
		FF34DD4A1A89476A00A7544E /* SSMainViewController.m in Sources */ = {isa = PBXBuildFile; fileRef = FF34DD491A89476A00A7544E /* SSMainViewController.m */; };
		FF34DD4D1A8949C600A7544E /* SSManager.m in Sources */ = {isa = PBXBuildFile; fileRef = FF34DD4C1A8949C600A7544E /* SSManager.m */; };
		FF4F43511A9F935C00C5F163 /* SSAddDeviceViewController.m in Sources */ = {isa = PBXBuildFile; fileRef = FF4F43501A9F935C00C5F163 /* SSAddDeviceViewController.m */; };
		FF4F43541AA0AC7600C5F163 /* SSEditDeviceViewController.m in Sources */ = {isa = PBXBuildFile; fileRef = FF4F43531AA0AC7600C5F163 /* SSEditDeviceViewController.m */; };
		FFC5AC391AA6211B009FA444 /* SSGroup.m in Sources */ = {isa = PBXBuildFile; fileRef = FFC5AC381AA6211B009FA444 /* SSGroup.m */; };
		FFEBDF491A8FCF99002E3AC1 /* SSCore.m in Sources */ = {isa = PBXBuildFile; fileRef = FFEBDF481A8FCF99002E3AC1 /* SSCore.m */; };
		FFEBDF4F1A8FD9F6002E3AC1 /* SSSwitchViewController.m in Sources */ = {isa = PBXBuildFile; fileRef = FFEBDF4E1A8FD9F6002E3AC1 /* SSSwitchViewController.m */; };
		FFEBDF521A96DF7A002E3AC1 /* SSLightsForSwitchViewController.m in Sources */ = {isa = PBXBuildFile; fileRef = FFEBDF511A96DF7A002E3AC1 /* SSLightsForSwitchViewController.m */; };
		FFEBDF551A9AA0DA002E3AC1 /* SSLightViewController.m in Sources */ = {isa = PBXBuildFile; fileRef = FFEBDF541A9AA0DA002E3AC1 /* SSLightViewController.m */; };
		FFEBDF581A9BC2EE002E3AC1 /* SSCoreTableViewCell.m in Sources */ = {isa = PBXBuildFile; fileRef = FFEBDF571A9BC2EE002E3AC1 /* SSCoreTableViewCell.m */; };
		FFEBDF5B1A9E4A57002E3AC1 /* SSSwitchTableViewCell.m in Sources */ = {isa = PBXBuildFile; fileRef = FFEBDF5A1A9E4A57002E3AC1 /* SSSwitchTableViewCell.m */; };
/* End PBXBuildFile section */

/* Begin PBXContainerItemProxy section */
		85C2F72E1A3CD76100329C14 /* PBXContainerItemProxy */ = {
			isa = PBXContainerItemProxy;
			containerPortal = 85C2F70C1A3CD76100329C14 /* Project object */;
			proxyType = 1;
			remoteGlobalIDString = 85C2F7131A3CD76100329C14;
			remoteInfo = SmartSwitchiOS;
		};
/* End PBXContainerItemProxy section */

/* Begin PBXFileReference section */
		85C2F7141A3CD76100329C14 /* SmartSwitchiOS.app */ = {isa = PBXFileReference; explicitFileType = wrapper.application; includeInIndex = 0; path = SmartSwitchiOS.app; sourceTree = BUILT_PRODUCTS_DIR; };
		85C2F7181A3CD76100329C14 /* Info.plist */ = {isa = PBXFileReference; lastKnownFileType = text.plist.xml; path = Info.plist; sourceTree = "<group>"; };
		85C2F7191A3CD76100329C14 /* main.m */ = {isa = PBXFileReference; lastKnownFileType = sourcecode.c.objc; path = main.m; sourceTree = "<group>"; };
		85C2F71B1A3CD76100329C14 /* AppDelegate.h */ = {isa = PBXFileReference; lastKnownFileType = sourcecode.c.h; path = AppDelegate.h; sourceTree = "<group>"; };
		85C2F71C1A3CD76100329C14 /* AppDelegate.m */ = {isa = PBXFileReference; lastKnownFileType = sourcecode.c.objc; path = AppDelegate.m; sourceTree = "<group>"; };
		85C2F71E1A3CD76100329C14 /* SSLoginViewController.h */ = {isa = PBXFileReference; lastKnownFileType = sourcecode.c.h; path = SSLoginViewController.h; sourceTree = "<group>"; };
		85C2F71F1A3CD76100329C14 /* SSLoginViewController.m */ = {isa = PBXFileReference; lastKnownFileType = sourcecode.c.objc; path = SSLoginViewController.m; sourceTree = "<group>"; };
		85C2F7221A3CD76100329C14 /* Base */ = {isa = PBXFileReference; lastKnownFileType = file.storyboard; name = Base; path = Base.lproj/Main.storyboard; sourceTree = "<group>"; };
		85C2F7241A3CD76100329C14 /* Images.xcassets */ = {isa = PBXFileReference; lastKnownFileType = folder.assetcatalog; path = Images.xcassets; sourceTree = "<group>"; };
		85C2F7271A3CD76100329C14 /* Base */ = {isa = PBXFileReference; lastKnownFileType = file.xib; name = Base; path = Base.lproj/LaunchScreen.xib; sourceTree = "<group>"; };
		85C2F72D1A3CD76100329C14 /* SmartSwitchiOSTests.xctest */ = {isa = PBXFileReference; explicitFileType = wrapper.cfbundle; includeInIndex = 0; path = SmartSwitchiOSTests.xctest; sourceTree = BUILT_PRODUCTS_DIR; };
		85C2F7321A3CD76100329C14 /* Info.plist */ = {isa = PBXFileReference; lastKnownFileType = text.plist.xml; path = Info.plist; sourceTree = "<group>"; };
		85C2F7331A3CD76100329C14 /* SmartSwitchiOSTests.m */ = {isa = PBXFileReference; lastKnownFileType = sourcecode.c.objc; path = SmartSwitchiOSTests.m; sourceTree = "<group>"; };
		85C2F73D1A3CD7E400329C14 /* DataHelper.h */ = {isa = PBXFileReference; fileEncoding = 4; lastKnownFileType = sourcecode.c.h; path = DataHelper.h; sourceTree = "<group>"; };
		85C2F73E1A3CD7E400329C14 /* DataHelper.m */ = {isa = PBXFileReference; fileEncoding = 4; lastKnownFileType = sourcecode.c.objc; path = DataHelper.m; sourceTree = "<group>"; };
		85C2F7421A3CF48300329C14 /* AFAmazonS3Client.h */ = {isa = PBXFileReference; fileEncoding = 4; lastKnownFileType = sourcecode.c.h; path = AFAmazonS3Client.h; sourceTree = "<group>"; };
		85C2F7431A3CF48300329C14 /* AFAmazonS3Client.m */ = {isa = PBXFileReference; fileEncoding = 4; lastKnownFileType = sourcecode.c.objc; path = AFAmazonS3Client.m; sourceTree = "<group>"; };
		85C2F7441A3CF48300329C14 /* AFHTTPClient.h */ = {isa = PBXFileReference; fileEncoding = 4; lastKnownFileType = sourcecode.c.h; path = AFHTTPClient.h; sourceTree = "<group>"; };
		85C2F7451A3CF48300329C14 /* AFHTTPClient.m */ = {isa = PBXFileReference; fileEncoding = 4; lastKnownFileType = sourcecode.c.objc; path = AFHTTPClient.m; sourceTree = "<group>"; };
		85C2F7461A3CF48300329C14 /* AFHTTPRequestOperation.h */ = {isa = PBXFileReference; fileEncoding = 4; lastKnownFileType = sourcecode.c.h; path = AFHTTPRequestOperation.h; sourceTree = "<group>"; };
		85C2F7471A3CF48300329C14 /* AFHTTPRequestOperation.m */ = {isa = PBXFileReference; fileEncoding = 4; lastKnownFileType = sourcecode.c.objc; path = AFHTTPRequestOperation.m; sourceTree = "<group>"; };
		85C2F7481A3CF48300329C14 /* AFImageRequestOperation.h */ = {isa = PBXFileReference; fileEncoding = 4; lastKnownFileType = sourcecode.c.h; path = AFImageRequestOperation.h; sourceTree = "<group>"; };
		85C2F7491A3CF48300329C14 /* AFImageRequestOperation.m */ = {isa = PBXFileReference; fileEncoding = 4; lastKnownFileType = sourcecode.c.objc; path = AFImageRequestOperation.m; sourceTree = "<group>"; };
		85C2F74A1A3CF48300329C14 /* AFJSONRequestOperation.h */ = {isa = PBXFileReference; fileEncoding = 4; lastKnownFileType = sourcecode.c.h; path = AFJSONRequestOperation.h; sourceTree = "<group>"; };
		85C2F74B1A3CF48300329C14 /* AFJSONRequestOperation.m */ = {isa = PBXFileReference; fileEncoding = 4; lastKnownFileType = sourcecode.c.objc; path = AFJSONRequestOperation.m; sourceTree = "<group>"; };
		85C2F74C1A3CF48300329C14 /* AFNetworking.h */ = {isa = PBXFileReference; fileEncoding = 4; lastKnownFileType = sourcecode.c.h; path = AFNetworking.h; sourceTree = "<group>"; };
		85C2F74D1A3CF48300329C14 /* AFPropertyListRequestOperation.h */ = {isa = PBXFileReference; fileEncoding = 4; lastKnownFileType = sourcecode.c.h; path = AFPropertyListRequestOperation.h; sourceTree = "<group>"; };
		85C2F74E1A3CF48300329C14 /* AFPropertyListRequestOperation.m */ = {isa = PBXFileReference; fileEncoding = 4; lastKnownFileType = sourcecode.c.objc; path = AFPropertyListRequestOperation.m; sourceTree = "<group>"; };
		85C2F74F1A3CF48300329C14 /* AFURLConnectionOperation.h */ = {isa = PBXFileReference; fileEncoding = 4; lastKnownFileType = sourcecode.c.h; path = AFURLConnectionOperation.h; sourceTree = "<group>"; };
		85C2F7501A3CF48300329C14 /* AFURLConnectionOperation.m */ = {isa = PBXFileReference; fileEncoding = 4; lastKnownFileType = sourcecode.c.objc; path = AFURLConnectionOperation.m; sourceTree = "<group>"; };
		85C2F7511A3CF48300329C14 /* AFXMLRequestOperation.h */ = {isa = PBXFileReference; fileEncoding = 4; lastKnownFileType = sourcecode.c.h; path = AFXMLRequestOperation.h; sourceTree = "<group>"; };
		85C2F7521A3CF48300329C14 /* AFXMLRequestOperation.m */ = {isa = PBXFileReference; fileEncoding = 4; lastKnownFileType = sourcecode.c.objc; path = AFXMLRequestOperation.m; sourceTree = "<group>"; };
		FF34DD481A89476A00A7544E /* SSMainViewController.h */ = {isa = PBXFileReference; fileEncoding = 4; lastKnownFileType = sourcecode.c.h; path = SSMainViewController.h; sourceTree = "<group>"; };
		FF34DD491A89476A00A7544E /* SSMainViewController.m */ = {isa = PBXFileReference; fileEncoding = 4; lastKnownFileType = sourcecode.c.objc; path = SSMainViewController.m; sourceTree = "<group>"; };
		FF34DD4B1A8949C600A7544E /* SSManager.h */ = {isa = PBXFileReference; fileEncoding = 4; lastKnownFileType = sourcecode.c.h; path = SSManager.h; sourceTree = "<group>"; };
		FF34DD4C1A8949C600A7544E /* SSManager.m */ = {isa = PBXFileReference; fileEncoding = 4; lastKnownFileType = sourcecode.c.objc; path = SSManager.m; sourceTree = "<group>"; };
		FF4F434F1A9F935C00C5F163 /* SSAddDeviceViewController.h */ = {isa = PBXFileReference; fileEncoding = 4; lastKnownFileType = sourcecode.c.h; path = SSAddDeviceViewController.h; sourceTree = "<group>"; };
		FF4F43501A9F935C00C5F163 /* SSAddDeviceViewController.m */ = {isa = PBXFileReference; fileEncoding = 4; lastKnownFileType = sourcecode.c.objc; path = SSAddDeviceViewController.m; sourceTree = "<group>"; };
		FF4F43521AA0AC7600C5F163 /* SSEditDeviceViewController.h */ = {isa = PBXFileReference; fileEncoding = 4; lastKnownFileType = sourcecode.c.h; path = SSEditDeviceViewController.h; sourceTree = "<group>"; };
		FF4F43531AA0AC7600C5F163 /* SSEditDeviceViewController.m */ = {isa = PBXFileReference; fileEncoding = 4; lastKnownFileType = sourcecode.c.objc; path = SSEditDeviceViewController.m; sourceTree = "<group>"; };
		FFC5AC371AA6211B009FA444 /* SSGroup.h */ = {isa = PBXFileReference; fileEncoding = 4; lastKnownFileType = sourcecode.c.h; path = SSGroup.h; sourceTree = "<group>"; };
		FFC5AC381AA6211B009FA444 /* SSGroup.m */ = {isa = PBXFileReference; fileEncoding = 4; lastKnownFileType = sourcecode.c.objc; path = SSGroup.m; sourceTree = "<group>"; };
		FFEBDF471A8FCF99002E3AC1 /* SSCore.h */ = {isa = PBXFileReference; fileEncoding = 4; lastKnownFileType = sourcecode.c.h; path = SSCore.h; sourceTree = "<group>"; };
		FFEBDF481A8FCF99002E3AC1 /* SSCore.m */ = {isa = PBXFileReference; fileEncoding = 4; lastKnownFileType = sourcecode.c.objc; path = SSCore.m; sourceTree = "<group>"; };
		FFEBDF4D1A8FD9F6002E3AC1 /* SSSwitchViewController.h */ = {isa = PBXFileReference; fileEncoding = 4; lastKnownFileType = sourcecode.c.h; path = SSSwitchViewController.h; sourceTree = "<group>"; };
		FFEBDF4E1A8FD9F6002E3AC1 /* SSSwitchViewController.m */ = {isa = PBXFileReference; fileEncoding = 4; lastKnownFileType = sourcecode.c.objc; path = SSSwitchViewController.m; sourceTree = "<group>"; };
		FFEBDF501A96DF7A002E3AC1 /* SSLightsForSwitchViewController.h */ = {isa = PBXFileReference; fileEncoding = 4; lastKnownFileType = sourcecode.c.h; path = SSLightsForSwitchViewController.h; sourceTree = "<group>"; };
		FFEBDF511A96DF7A002E3AC1 /* SSLightsForSwitchViewController.m */ = {isa = PBXFileReference; fileEncoding = 4; lastKnownFileType = sourcecode.c.objc; path = SSLightsForSwitchViewController.m; sourceTree = "<group>"; };
		FFEBDF531A9AA0DA002E3AC1 /* SSLightViewController.h */ = {isa = PBXFileReference; fileEncoding = 4; lastKnownFileType = sourcecode.c.h; path = SSLightViewController.h; sourceTree = "<group>"; };
		FFEBDF541A9AA0DA002E3AC1 /* SSLightViewController.m */ = {isa = PBXFileReference; fileEncoding = 4; lastKnownFileType = sourcecode.c.objc; path = SSLightViewController.m; sourceTree = "<group>"; };
		FFEBDF561A9BC2EE002E3AC1 /* SSCoreTableViewCell.h */ = {isa = PBXFileReference; fileEncoding = 4; lastKnownFileType = sourcecode.c.h; path = SSCoreTableViewCell.h; sourceTree = "<group>"; };
		FFEBDF571A9BC2EE002E3AC1 /* SSCoreTableViewCell.m */ = {isa = PBXFileReference; fileEncoding = 4; lastKnownFileType = sourcecode.c.objc; path = SSCoreTableViewCell.m; sourceTree = "<group>"; };
		FFEBDF591A9E4A57002E3AC1 /* SSSwitchTableViewCell.h */ = {isa = PBXFileReference; fileEncoding = 4; lastKnownFileType = sourcecode.c.h; path = SSSwitchTableViewCell.h; sourceTree = "<group>"; };
		FFEBDF5A1A9E4A57002E3AC1 /* SSSwitchTableViewCell.m */ = {isa = PBXFileReference; fileEncoding = 4; lastKnownFileType = sourcecode.c.objc; path = SSSwitchTableViewCell.m; sourceTree = "<group>"; };
/* End PBXFileReference section */

/* Begin PBXFrameworksBuildPhase section */
		85C2F7111A3CD76100329C14 /* Frameworks */ = {
			isa = PBXFrameworksBuildPhase;
			buildActionMask = 2147483647;
			files = (
			);
			runOnlyForDeploymentPostprocessing = 0;
		};
		85C2F72A1A3CD76100329C14 /* Frameworks */ = {
			isa = PBXFrameworksBuildPhase;
			buildActionMask = 2147483647;
			files = (
			);
			runOnlyForDeploymentPostprocessing = 0;
		};
/* End PBXFrameworksBuildPhase section */

/* Begin PBXGroup section */
		85C2F70B1A3CD76100329C14 = {
			isa = PBXGroup;
			children = (
				85C2F7401A3CF45000329C14 /* Vendor */,
				85C2F7161A3CD76100329C14 /* SmartSwitchiOS */,
				85C2F7301A3CD76100329C14 /* SmartSwitchiOSTests */,
				85C2F7151A3CD76100329C14 /* Products */,
			);
			sourceTree = "<group>";
		};
		85C2F7151A3CD76100329C14 /* Products */ = {
			isa = PBXGroup;
			children = (
				85C2F7141A3CD76100329C14 /* SmartSwitchiOS.app */,
				85C2F72D1A3CD76100329C14 /* SmartSwitchiOSTests.xctest */,
			);
			name = Products;
			sourceTree = "<group>";
		};
		85C2F7161A3CD76100329C14 /* SmartSwitchiOS */ = {
			isa = PBXGroup;
			children = (
				85C2F71B1A3CD76100329C14 /* AppDelegate.h */,
				85C2F73D1A3CD7E400329C14 /* DataHelper.h */,
				85C2F73E1A3CD7E400329C14 /* DataHelper.m */,
				85C2F71C1A3CD76100329C14 /* AppDelegate.m */,
				85C2F71E1A3CD76100329C14 /* SSLoginViewController.h */,
				85C2F71F1A3CD76100329C14 /* SSLoginViewController.m */,
				85C2F7211A3CD76100329C14 /* Main.storyboard */,
				85C2F7241A3CD76100329C14 /* Images.xcassets */,
				85C2F7261A3CD76100329C14 /* LaunchScreen.xib */,
				85C2F7171A3CD76100329C14 /* Supporting Files */,
				FF34DD481A89476A00A7544E /* SSMainViewController.h */,
				FF34DD491A89476A00A7544E /* SSMainViewController.m */,
				FF34DD4B1A8949C600A7544E /* SSManager.h */,
				FF34DD4C1A8949C600A7544E /* SSManager.m */,
				FFEBDF471A8FCF99002E3AC1 /* SSCore.h */,
				FFEBDF481A8FCF99002E3AC1 /* SSCore.m */,
				FFEBDF4D1A8FD9F6002E3AC1 /* SSSwitchViewController.h */,
				FFEBDF4E1A8FD9F6002E3AC1 /* SSSwitchViewController.m */,
				FFEBDF501A96DF7A002E3AC1 /* SSLightsForSwitchViewController.h */,
				FFEBDF511A96DF7A002E3AC1 /* SSLightsForSwitchViewController.m */,
				FFEBDF531A9AA0DA002E3AC1 /* SSLightViewController.h */,
				FFEBDF541A9AA0DA002E3AC1 /* SSLightViewController.m */,
				FFEBDF561A9BC2EE002E3AC1 /* SSCoreTableViewCell.h */,
				FFEBDF571A9BC2EE002E3AC1 /* SSCoreTableViewCell.m */,
				FFEBDF591A9E4A57002E3AC1 /* SSSwitchTableViewCell.h */,
				FFEBDF5A1A9E4A57002E3AC1 /* SSSwitchTableViewCell.m */,
				FF4F434F1A9F935C00C5F163 /* SSAddDeviceViewController.h */,
				FF4F43501A9F935C00C5F163 /* SSAddDeviceViewController.m */,
				FF4F43521AA0AC7600C5F163 /* SSEditDeviceViewController.h */,
				FF4F43531AA0AC7600C5F163 /* SSEditDeviceViewController.m */,
				FFC5AC371AA6211B009FA444 /* SSGroup.h */,
				FFC5AC381AA6211B009FA444 /* SSGroup.m */,
			);
			path = SmartSwitchiOS;
			sourceTree = "<group>";
		};
		85C2F7171A3CD76100329C14 /* Supporting Files */ = {
			isa = PBXGroup;
			children = (
				85C2F7181A3CD76100329C14 /* Info.plist */,
				85C2F7191A3CD76100329C14 /* main.m */,
			);
			name = "Supporting Files";
			sourceTree = "<group>";
		};
		85C2F7301A3CD76100329C14 /* SmartSwitchiOSTests */ = {
			isa = PBXGroup;
			children = (
				85C2F7331A3CD76100329C14 /* SmartSwitchiOSTests.m */,
				85C2F7311A3CD76100329C14 /* Supporting Files */,
			);
			path = SmartSwitchiOSTests;
			sourceTree = "<group>";
		};
		85C2F7311A3CD76100329C14 /* Supporting Files */ = {
			isa = PBXGroup;
			children = (
				85C2F7321A3CD76100329C14 /* Info.plist */,
			);
			name = "Supporting Files";
			sourceTree = "<group>";
		};
		85C2F7401A3CF45000329C14 /* Vendor */ = {
			isa = PBXGroup;
			children = (
				85C2F7411A3CF48300329C14 /* AFNetworking */,
			);
			name = Vendor;
			path = SmartSwitchiOS;
			sourceTree = "<group>";
		};
		85C2F7411A3CF48300329C14 /* AFNetworking */ = {
			isa = PBXGroup;
			children = (
				85C2F7421A3CF48300329C14 /* AFAmazonS3Client.h */,
				85C2F7431A3CF48300329C14 /* AFAmazonS3Client.m */,
				85C2F7441A3CF48300329C14 /* AFHTTPClient.h */,
				85C2F7451A3CF48300329C14 /* AFHTTPClient.m */,
				85C2F7461A3CF48300329C14 /* AFHTTPRequestOperation.h */,
				85C2F7471A3CF48300329C14 /* AFHTTPRequestOperation.m */,
				85C2F7481A3CF48300329C14 /* AFImageRequestOperation.h */,
				85C2F7491A3CF48300329C14 /* AFImageRequestOperation.m */,
				85C2F74A1A3CF48300329C14 /* AFJSONRequestOperation.h */,
				85C2F74B1A3CF48300329C14 /* AFJSONRequestOperation.m */,
				85C2F74C1A3CF48300329C14 /* AFNetworking.h */,
				85C2F74D1A3CF48300329C14 /* AFPropertyListRequestOperation.h */,
				85C2F74E1A3CF48300329C14 /* AFPropertyListRequestOperation.m */,
				85C2F74F1A3CF48300329C14 /* AFURLConnectionOperation.h */,
				85C2F7501A3CF48300329C14 /* AFURLConnectionOperation.m */,
				85C2F7511A3CF48300329C14 /* AFXMLRequestOperation.h */,
				85C2F7521A3CF48300329C14 /* AFXMLRequestOperation.m */,
			);
			path = AFNetworking;
			sourceTree = "<group>";
		};
/* End PBXGroup section */

/* Begin PBXNativeTarget section */
		85C2F7131A3CD76100329C14 /* SmartSwitchiOS */ = {
			isa = PBXNativeTarget;
			buildConfigurationList = 85C2F7371A3CD76100329C14 /* Build configuration list for PBXNativeTarget "SmartSwitchiOS" */;
			buildPhases = (
				85C2F7101A3CD76100329C14 /* Sources */,
				85C2F7111A3CD76100329C14 /* Frameworks */,
				85C2F7121A3CD76100329C14 /* Resources */,
			);
			buildRules = (
			);
			dependencies = (
			);
			name = SmartSwitchiOS;
			productName = SmartSwitchiOS;
			productReference = 85C2F7141A3CD76100329C14 /* SmartSwitchiOS.app */;
			productType = "com.apple.product-type.application";
		};
		85C2F72C1A3CD76100329C14 /* SmartSwitchiOSTests */ = {
			isa = PBXNativeTarget;
			buildConfigurationList = 85C2F73A1A3CD76100329C14 /* Build configuration list for PBXNativeTarget "SmartSwitchiOSTests" */;
			buildPhases = (
				85C2F7291A3CD76100329C14 /* Sources */,
				85C2F72A1A3CD76100329C14 /* Frameworks */,
				85C2F72B1A3CD76100329C14 /* Resources */,
			);
			buildRules = (
			);
			dependencies = (
				85C2F72F1A3CD76100329C14 /* PBXTargetDependency */,
			);
			name = SmartSwitchiOSTests;
			productName = SmartSwitchiOSTests;
			productReference = 85C2F72D1A3CD76100329C14 /* SmartSwitchiOSTests.xctest */;
			productType = "com.apple.product-type.bundle.unit-test";
		};
/* End PBXNativeTarget section */

/* Begin PBXProject section */
		85C2F70C1A3CD76100329C14 /* Project object */ = {
			isa = PBXProject;
			attributes = {
				LastUpgradeCheck = 0610;
				ORGANIZATIONNAME = Guo;
				TargetAttributes = {
					85C2F7131A3CD76100329C14 = {
						CreatedOnToolsVersion = 6.1;
					};
					85C2F72C1A3CD76100329C14 = {
						CreatedOnToolsVersion = 6.1;
						TestTargetID = 85C2F7131A3CD76100329C14;
					};
				};
			};
			buildConfigurationList = 85C2F70F1A3CD76100329C14 /* Build configuration list for PBXProject "SmartSwitchiOS" */;
			compatibilityVersion = "Xcode 3.2";
			developmentRegion = English;
			hasScannedForEncodings = 0;
			knownRegions = (
				en,
				Base,
			);
			mainGroup = 85C2F70B1A3CD76100329C14;
			productRefGroup = 85C2F7151A3CD76100329C14 /* Products */;
			projectDirPath = "";
			projectRoot = "";
			targets = (
				85C2F7131A3CD76100329C14 /* SmartSwitchiOS */,
				85C2F72C1A3CD76100329C14 /* SmartSwitchiOSTests */,
			);
		};
/* End PBXProject section */

/* Begin PBXResourcesBuildPhase section */
		85C2F7121A3CD76100329C14 /* Resources */ = {
			isa = PBXResourcesBuildPhase;
			buildActionMask = 2147483647;
			files = (
				85C2F7231A3CD76100329C14 /* Main.storyboard in Resources */,
				85C2F7281A3CD76100329C14 /* LaunchScreen.xib in Resources */,
				85C2F7251A3CD76100329C14 /* Images.xcassets in Resources */,
			);
			runOnlyForDeploymentPostprocessing = 0;
		};
		85C2F72B1A3CD76100329C14 /* Resources */ = {
			isa = PBXResourcesBuildPhase;
			buildActionMask = 2147483647;
			files = (
			);
			runOnlyForDeploymentPostprocessing = 0;
		};
/* End PBXResourcesBuildPhase section */

/* Begin PBXSourcesBuildPhase section */
		85C2F7101A3CD76100329C14 /* Sources */ = {
			isa = PBXSourcesBuildPhase;
			buildActionMask = 2147483647;
			files = (
				FFC5AC391AA6211B009FA444 /* SSGroup.m in Sources */,
				85C2F7591A3CF48300329C14 /* AFURLConnectionOperation.m in Sources */,
				FFEBDF5B1A9E4A57002E3AC1 /* SSSwitchTableViewCell.m in Sources */,
				85C2F7561A3CF48300329C14 /* AFImageRequestOperation.m in Sources */,
				85C2F7201A3CD76100329C14 /* SSLoginViewController.m in Sources */,
				FFEBDF491A8FCF99002E3AC1 /* SSCore.m in Sources */,
				85C2F73F1A3CD7E400329C14 /* DataHelper.m in Sources */,
				FF4F43541AA0AC7600C5F163 /* SSEditDeviceViewController.m in Sources */,
				FFEBDF551A9AA0DA002E3AC1 /* SSLightViewController.m in Sources */,
				85C2F75A1A3CF48300329C14 /* AFXMLRequestOperation.m in Sources */,
				85C2F7531A3CF48300329C14 /* AFAmazonS3Client.m in Sources */,
				85C2F71D1A3CD76100329C14 /* AppDelegate.m in Sources */,
				85C2F7571A3CF48300329C14 /* AFJSONRequestOperation.m in Sources */,
				85C2F71A1A3CD76100329C14 /* main.m in Sources */,
				FFEBDF521A96DF7A002E3AC1 /* SSLightsForSwitchViewController.m in Sources */,
				FFEBDF581A9BC2EE002E3AC1 /* SSCoreTableViewCell.m in Sources */,
				FFEBDF4F1A8FD9F6002E3AC1 /* SSSwitchViewController.m in Sources */,
				FF34DD4D1A8949C600A7544E /* SSManager.m in Sources */,
				FF34DD4A1A89476A00A7544E /* SSMainViewController.m in Sources */,
				FF4F43511A9F935C00C5F163 /* SSAddDeviceViewController.m in Sources */,
				85C2F7541A3CF48300329C14 /* AFHTTPClient.m in Sources */,
				85C2F7581A3CF48300329C14 /* AFPropertyListRequestOperation.m in Sources */,
				85C2F7551A3CF48300329C14 /* AFHTTPRequestOperation.m in Sources */,
			);
			runOnlyForDeploymentPostprocessing = 0;
		};
		85C2F7291A3CD76100329C14 /* Sources */ = {
			isa = PBXSourcesBuildPhase;
			buildActionMask = 2147483647;
			files = (
				85C2F7341A3CD76100329C14 /* SmartSwitchiOSTests.m in Sources */,
			);
			runOnlyForDeploymentPostprocessing = 0;
		};
/* End PBXSourcesBuildPhase section */

/* Begin PBXTargetDependency section */
		85C2F72F1A3CD76100329C14 /* PBXTargetDependency */ = {
			isa = PBXTargetDependency;
			target = 85C2F7131A3CD76100329C14 /* SmartSwitchiOS */;
			targetProxy = 85C2F72E1A3CD76100329C14 /* PBXContainerItemProxy */;
		};
/* End PBXTargetDependency section */

/* Begin PBXVariantGroup section */
		85C2F7211A3CD76100329C14 /* Main.storyboard */ = {
			isa = PBXVariantGroup;
			children = (
				85C2F7221A3CD76100329C14 /* Base */,
			);
			name = Main.storyboard;
			sourceTree = "<group>";
		};
		85C2F7261A3CD76100329C14 /* LaunchScreen.xib */ = {
			isa = PBXVariantGroup;
			children = (
				85C2F7271A3CD76100329C14 /* Base */,
			);
			name = LaunchScreen.xib;
			sourceTree = "<group>";
		};
/* End PBXVariantGroup section */

/* Begin XCBuildConfiguration section */
		85C2F7351A3CD76100329C14 /* Debug */ = {
			isa = XCBuildConfiguration;
			buildSettings = {
				ALWAYS_SEARCH_USER_PATHS = NO;
				CLANG_CXX_LANGUAGE_STANDARD = "gnu++0x";
				CLANG_CXX_LIBRARY = "libc++";
				CLANG_ENABLE_MODULES = YES;
				CLANG_ENABLE_OBJC_ARC = YES;
				CLANG_WARN_BOOL_CONVERSION = YES;
				CLANG_WARN_CONSTANT_CONVERSION = YES;
				CLANG_WARN_DIRECT_OBJC_ISA_USAGE = YES_ERROR;
				CLANG_WARN_EMPTY_BODY = YES;
				CLANG_WARN_ENUM_CONVERSION = YES;
				CLANG_WARN_INT_CONVERSION = YES;
				CLANG_WARN_OBJC_ROOT_CLASS = YES_ERROR;
				CLANG_WARN_UNREACHABLE_CODE = YES;
				CLANG_WARN__DUPLICATE_METHOD_MATCH = YES;
				"CODE_SIGN_IDENTITY[sdk=iphoneos*]" = "iPhone Developer";
				COPY_PHASE_STRIP = NO;
				ENABLE_STRICT_OBJC_MSGSEND = YES;
				GCC_C_LANGUAGE_STANDARD = gnu99;
				GCC_DYNAMIC_NO_PIC = NO;
				GCC_OPTIMIZATION_LEVEL = 0;
				GCC_PREPROCESSOR_DEFINITIONS = (
					"DEBUG=1",
					"$(inherited)",
				);
				GCC_SYMBOLS_PRIVATE_EXTERN = NO;
				GCC_WARN_64_TO_32_BIT_CONVERSION = YES;
				GCC_WARN_ABOUT_RETURN_TYPE = YES_ERROR;
				GCC_WARN_UNDECLARED_SELECTOR = YES;
				GCC_WARN_UNINITIALIZED_AUTOS = YES_AGGRESSIVE;
				GCC_WARN_UNUSED_FUNCTION = YES;
				GCC_WARN_UNUSED_VARIABLE = YES;
				IPHONEOS_DEPLOYMENT_TARGET = 8.1;
				MTL_ENABLE_DEBUG_INFO = YES;
				ONLY_ACTIVE_ARCH = YES;
				SDKROOT = iphoneos;
				TARGETED_DEVICE_FAMILY = 2;
			};
			name = Debug;
		};
		85C2F7361A3CD76100329C14 /* Release */ = {
			isa = XCBuildConfiguration;
			buildSettings = {
				ALWAYS_SEARCH_USER_PATHS = NO;
				CLANG_CXX_LANGUAGE_STANDARD = "gnu++0x";
				CLANG_CXX_LIBRARY = "libc++";
				CLANG_ENABLE_MODULES = YES;
				CLANG_ENABLE_OBJC_ARC = YES;
				CLANG_WARN_BOOL_CONVERSION = YES;
				CLANG_WARN_CONSTANT_CONVERSION = YES;
				CLANG_WARN_DIRECT_OBJC_ISA_USAGE = YES_ERROR;
				CLANG_WARN_EMPTY_BODY = YES;
				CLANG_WARN_ENUM_CONVERSION = YES;
				CLANG_WARN_INT_CONVERSION = YES;
				CLANG_WARN_OBJC_ROOT_CLASS = YES_ERROR;
				CLANG_WARN_UNREACHABLE_CODE = YES;
				CLANG_WARN__DUPLICATE_METHOD_MATCH = YES;
				"CODE_SIGN_IDENTITY[sdk=iphoneos*]" = "iPhone Developer";
				COPY_PHASE_STRIP = YES;
				ENABLE_NS_ASSERTIONS = NO;
				ENABLE_STRICT_OBJC_MSGSEND = YES;
				GCC_C_LANGUAGE_STANDARD = gnu99;
				GCC_WARN_64_TO_32_BIT_CONVERSION = YES;
				GCC_WARN_ABOUT_RETURN_TYPE = YES_ERROR;
				GCC_WARN_UNDECLARED_SELECTOR = YES;
				GCC_WARN_UNINITIALIZED_AUTOS = YES_AGGRESSIVE;
				GCC_WARN_UNUSED_FUNCTION = YES;
				GCC_WARN_UNUSED_VARIABLE = YES;
				IPHONEOS_DEPLOYMENT_TARGET = 8.1;
				MTL_ENABLE_DEBUG_INFO = NO;
				SDKROOT = iphoneos;
				TARGETED_DEVICE_FAMILY = 2;
				VALIDATE_PRODUCT = YES;
			};
			name = Release;
		};
		85C2F7381A3CD76100329C14 /* Debug */ = {
			isa = XCBuildConfiguration;
			buildSettings = {
				ASSETCATALOG_COMPILER_APPICON_NAME = AppIcon;
				INFOPLIST_FILE = SmartSwitchiOS/Info.plist;
				IPHONEOS_DEPLOYMENT_TARGET = 7.1;
				LD_RUNPATH_SEARCH_PATHS = "$(inherited) @executable_path/Frameworks";
				PRODUCT_NAME = "$(TARGET_NAME)";
			};
			name = Debug;
		};
		85C2F7391A3CD76100329C14 /* Release */ = {
			isa = XCBuildConfiguration;
			buildSettings = {
				ASSETCATALOG_COMPILER_APPICON_NAME = AppIcon;
				INFOPLIST_FILE = SmartSwitchiOS/Info.plist;
				IPHONEOS_DEPLOYMENT_TARGET = 7.1;
				LD_RUNPATH_SEARCH_PATHS = "$(inherited) @executable_path/Frameworks";
				PRODUCT_NAME = "$(TARGET_NAME)";
			};
			name = Release;
		};
		85C2F73B1A3CD76100329C14 /* Debug */ = {
			isa = XCBuildConfiguration;
			buildSettings = {
				BUNDLE_LOADER = "$(TEST_HOST)";
				FRAMEWORK_SEARCH_PATHS = (
					"$(SDKROOT)/Developer/Library/Frameworks",
					"$(inherited)",
				);
				GCC_PREPROCESSOR_DEFINITIONS = (
					"DEBUG=1",
					"$(inherited)",
				);
				INFOPLIST_FILE = SmartSwitchiOSTests/Info.plist;
				LD_RUNPATH_SEARCH_PATHS = "$(inherited) @executable_path/Frameworks @loader_path/Frameworks";
				PRODUCT_NAME = "$(TARGET_NAME)";
				TEST_HOST = "$(BUILT_PRODUCTS_DIR)/SmartSwitchiOS.app/SmartSwitchiOS";
			};
			name = Debug;
		};
		85C2F73C1A3CD76100329C14 /* Release */ = {
			isa = XCBuildConfiguration;
			buildSettings = {
				BUNDLE_LOADER = "$(TEST_HOST)";
				FRAMEWORK_SEARCH_PATHS = (
					"$(SDKROOT)/Developer/Library/Frameworks",
					"$(inherited)",
				);
				INFOPLIST_FILE = SmartSwitchiOSTests/Info.plist;
				LD_RUNPATH_SEARCH_PATHS = "$(inherited) @executable_path/Frameworks @loader_path/Frameworks";
				PRODUCT_NAME = "$(TARGET_NAME)";
				TEST_HOST = "$(BUILT_PRODUCTS_DIR)/SmartSwitchiOS.app/SmartSwitchiOS";
			};
			name = Release;
		};
/* End XCBuildConfiguration section */

/* Begin XCConfigurationList section */
		85C2F70F1A3CD76100329C14 /* Build configuration list for PBXProject "SmartSwitchiOS" */ = {
			isa = XCConfigurationList;
			buildConfigurations = (
				85C2F7351A3CD76100329C14 /* Debug */,
				85C2F7361A3CD76100329C14 /* Release */,
			);
			defaultConfigurationIsVisible = 0;
			defaultConfigurationName = Release;
		};
		85C2F7371A3CD76100329C14 /* Build configuration list for PBXNativeTarget "SmartSwitchiOS" */ = {
			isa = XCConfigurationList;
			buildConfigurations = (
				85C2F7381A3CD76100329C14 /* Debug */,
				85C2F7391A3CD76100329C14 /* Release */,
			);
			defaultConfigurationIsVisible = 0;
			defaultConfigurationName = Release;
		};
		85C2F73A1A3CD76100329C14 /* Build configuration list for PBXNativeTarget "SmartSwitchiOSTests" */ = {
			isa = XCConfigurationList;
			buildConfigurations = (
				85C2F73B1A3CD76100329C14 /* Debug */,
				85C2F73C1A3CD76100329C14 /* Release */,
			);
			defaultConfigurationIsVisible = 0;
			defaultConfigurationName = Release;
		};
/* End XCConfigurationList section */
	};
	rootObject = 85C2F70C1A3CD76100329C14 /* Project object */;
}
